
Microsoft Visual Studio Solution File, Format Version 12.00
# Visual Studio 15
VisualStudioVersion = 15.0.28307.329
MinimumVisualStudioVersion = 10.0.40219.1
Project("{FAE04EC0-301F-11D3-BF4B-00C04F79EFBC}") = "NombreAleatoire", "NombreAleatoire\NombreAleatoire.csproj", "{87042552-B712-40EA-AB30-84726C377443}"
EndProject
Global
	GlobalSection(SolutionConfigurationPlatforms) = preSolution
		Debug|Any CPU = Debug|Any CPU
		Release|Any CPU = Release|Any CPU
	EndGlobalSection
	GlobalSection(ProjectConfigurationPlatforms) = postSolution
		{87042552-B712-40EA-AB30-84726C377443}.Debug|Any CPU.ActiveCfg = Debug|Any CPU
		{87042552-B712-40EA-AB30-84726C377443}.Debug|Any CPU.Build.0 = Debug|Any CPU
		{87042552-B712-40EA-AB30-84726C377443}.Release|Any CPU.ActiveCfg = Release|Any CPU
		{87042552-B712-40EA-AB30-84726C377443}.Release|Any CPU.Build.0 = Release|Any CPU
	EndGlobalSection
	GlobalSection(SolutionProperties) = preSolution
		HideSolutionNode = FALSE
	EndGlobalSection
	GlobalSection(ExtensibilityGlobals) = postSolution
		SolutionGuid = {B89D9E06-65DE-41BD-851F-BC1EEA1F1298}
	EndGlobalSection
EndGlobal
